// !$*UTF8*$!
{
	archiveVersion = 1;
	classes = {
	};
	objectVersion = 56;
	objects = {

/* Begin PBXBuildFile section */
		CC1A6DA32A62EF1F0006ECFA /* AppDelegate.swift in Sources */ = {isa = PBXBuildFile; fileRef = CC1A6DA22A62EF1F0006ECFA /* AppDelegate.swift */; };
		CC1A6DA52A62EF1F0006ECFA /* SceneDelegate.swift in Sources */ = {isa = PBXBuildFile; fileRef = CC1A6DA42A62EF1F0006ECFA /* SceneDelegate.swift */; };
		CC1A6DA72A62EF1F0006ECFA /* ViewController.swift in Sources */ = {isa = PBXBuildFile; fileRef = CC1A6DA62A62EF1F0006ECFA /* ViewController.swift */; };
		CC1A6DAA2A62EF1F0006ECFA /* Main.storyboard in Resources */ = {isa = PBXBuildFile; fileRef = CC1A6DA82A62EF1F0006ECFA /* Main.storyboard */; };
		CC1A6DAC2A62EF200006ECFA /* Assets.xcassets in Resources */ = {isa = PBXBuildFile; fileRef = CC1A6DAB2A62EF200006ECFA /* Assets.xcassets */; };
		CC1A6DAF2A62EF200006ECFA /* LaunchScreen.storyboard in Resources */ = {isa = PBXBuildFile; fileRef = CC1A6DAD2A62EF200006ECFA /* LaunchScreen.storyboard */; };
		CCA389702A62F8E500EE390E /* TemperatureService.swift in Sources */ = {isa = PBXBuildFile; fileRef = CCA3896F2A62F8E500EE390E /* TemperatureService.swift */; };
		CCA389732A62F97300EE390E /* TemperatureInfo.swift in Sources */ = {isa = PBXBuildFile; fileRef = CCA389722A62F97300EE390E /* TemperatureInfo.swift */; };
		CCA389752A62FACD00EE390E /* APIKeys.swift in Sources */ = {isa = PBXBuildFile; fileRef = CCA389742A62FACD00EE390E /* APIKeys.swift */; };
		CCA389772A63052700EE390E /* Coordinats.swift in Sources */ = {isa = PBXBuildFile; fileRef = CCA389762A63052700EE390E /* Coordinats.swift */; };
		CCA389792A648DE400EE390E /* Error.swift in Sources */ = {isa = PBXBuildFile; fileRef = CCA389782A648DE400EE390E /* Error.swift */; };
/* End PBXBuildFile section */

/* Begin PBXFileReference section */
		CC1A6D9F2A62EF1F0006ECFA /* weatherApp.app */ = {isa = PBXFileReference; explicitFileType = wrapper.application; includeInIndex = 0; path = weatherApp.app; sourceTree = BUILT_PRODUCTS_DIR; };
		CC1A6DA22A62EF1F0006ECFA /* AppDelegate.swift */ = {isa = PBXFileReference; lastKnownFileType = sourcecode.swift; path = AppDelegate.swift; sourceTree = "<group>"; };
		CC1A6DA42A62EF1F0006ECFA /* SceneDelegate.swift */ = {isa = PBXFileReference; lastKnownFileType = sourcecode.swift; path = SceneDelegate.swift; sourceTree = "<group>"; };
		CC1A6DA62A62EF1F0006ECFA /* ViewController.swift */ = {isa = PBXFileReference; lastKnownFileType = sourcecode.swift; path = ViewController.swift; sourceTree = "<group>"; };
		CC1A6DA92A62EF1F0006ECFA /* Base */ = {isa = PBXFileReference; lastKnownFileType = file.storyboard; name = Base; path = Base.lproj/Main.storyboard; sourceTree = "<group>"; };
		CC1A6DAB2A62EF200006ECFA /* Assets.xcassets */ = {isa = PBXFileReference; lastKnownFileType = folder.assetcatalog; path = Assets.xcassets; sourceTree = "<group>"; };
		CC1A6DAE2A62EF200006ECFA /* Base */ = {isa = PBXFileReference; lastKnownFileType = file.storyboard; name = Base; path = Base.lproj/LaunchScreen.storyboard; sourceTree = "<group>"; };
		CC1A6DB02A62EF200006ECFA /* Info.plist */ = {isa = PBXFileReference; lastKnownFileType = text.plist.xml; path = Info.plist; sourceTree = "<group>"; };
		CCA3896F2A62F8E500EE390E /* TemperatureService.swift */ = {isa = PBXFileReference; lastKnownFileType = sourcecode.swift; path = TemperatureService.swift; sourceTree = "<group>"; };
		CCA389722A62F97300EE390E /* TemperatureInfo.swift */ = {isa = PBXFileReference; lastKnownFileType = sourcecode.swift; path = TemperatureInfo.swift; sourceTree = "<group>"; };
		CCA389742A62FACD00EE390E /* APIKeys.swift */ = {isa = PBXFileReference; lastKnownFileType = sourcecode.swift; path = APIKeys.swift; sourceTree = "<group>"; };
		CCA389762A63052700EE390E /* Coordinats.swift */ = {isa = PBXFileReference; lastKnownFileType = sourcecode.swift; path = Coordinats.swift; sourceTree = "<group>"; };
		CCA389782A648DE400EE390E /* Error.swift */ = {isa = PBXFileReference; lastKnownFileType = sourcecode.swift; path = Error.swift; sourceTree = "<group>"; };
/* End PBXFileReference section */

/* Begin PBXFrameworksBuildPhase section */
		CC1A6D9C2A62EF1F0006ECFA /* Frameworks */ = {
			isa = PBXFrameworksBuildPhase;
			buildActionMask = 2147483647;
			files = (
			);
			runOnlyForDeploymentPostprocessing = 0;
		};
/* End PBXFrameworksBuildPhase section */

/* Begin PBXGroup section */
		CC1A6D962A62EF1F0006ECFA = {
			isa = PBXGroup;
			children = (
				CC1A6DA12A62EF1F0006ECFA /* weatherApp */,
				CC1A6DA02A62EF1F0006ECFA /* Products */,
			);
			sourceTree = "<group>";
		};
		CC1A6DA02A62EF1F0006ECFA /* Products */ = {
			isa = PBXGroup;
			children = (
				CC1A6D9F2A62EF1F0006ECFA /* weatherApp.app */,
			);
			name = Products;
			sourceTree = "<group>";
		};
		CC1A6DA12A62EF1F0006ECFA /* weatherApp */ = {
			isa = PBXGroup;
			children = (
				CCA389712A62F95100EE390E /* Model */,
				CCA3896E2A62F89500EE390E /* network */,
				CC1A6DA22A62EF1F0006ECFA /* AppDelegate.swift */,
				CC1A6DA42A62EF1F0006ECFA /* SceneDelegate.swift */,
				CC1A6DA62A62EF1F0006ECFA /* ViewController.swift */,
				CC1A6DA82A62EF1F0006ECFA /* Main.storyboard */,
				CC1A6DAB2A62EF200006ECFA /* Assets.xcassets */,
				CC1A6DAD2A62EF200006ECFA /* LaunchScreen.storyboard */,
				CC1A6DB02A62EF200006ECFA /* Info.plist */,
			);
			path = weatherApp;
			sourceTree = "<group>";
		};
		CCA3896E2A62F89500EE390E /* network */ = {
			isa = PBXGroup;
			children = (
				CCA3896F2A62F8E500EE390E /* TemperatureService.swift */,
			);
			path = network;
			sourceTree = "<group>";
		};
		CCA389712A62F95100EE390E /* Model */ = {
			isa = PBXGroup;
			children = (
				CCA389722A62F97300EE390E /* TemperatureInfo.swift */,
				CCA389742A62FACD00EE390E /* APIKeys.swift */,
				CCA389762A63052700EE390E /* Coordinats.swift */,
				CCA389782A648DE400EE390E /* Error.swift */,
			);
			path = Model;
			sourceTree = "<group>";
		};
/* End PBXGroup section */

/* Begin PBXNativeTarget section */
		CC1A6D9E2A62EF1F0006ECFA /* weatherApp */ = {
			isa = PBXNativeTarget;
			buildConfigurationList = CC1A6DB32A62EF200006ECFA /* Build configuration list for PBXNativeTarget "weatherApp" */;
			buildPhases = (
				CC1A6D9B2A62EF1F0006ECFA /* Sources */,
				CC1A6D9C2A62EF1F0006ECFA /* Frameworks */,
				CC1A6D9D2A62EF1F0006ECFA /* Resources */,
			);
			buildRules = (
			);
			dependencies = (
			);
			name = weatherApp;
			productName = weatherApp;
			productReference = CC1A6D9F2A62EF1F0006ECFA /* weatherApp.app */;
			productType = "com.apple.product-type.application";
		};
/* End PBXNativeTarget section */

/* Begin PBXProject section */
		CC1A6D972A62EF1F0006ECFA /* Project object */ = {
			isa = PBXProject;
			attributes = {
				BuildIndependentTargetsInParallel = 1;
				LastSwiftUpdateCheck = 1420;
				LastUpgradeCheck = 1420;
				TargetAttributes = {
					CC1A6D9E2A62EF1F0006ECFA = {
						CreatedOnToolsVersion = 14.2;
					};
				};
			};
			buildConfigurationList = CC1A6D9A2A62EF1F0006ECFA /* Build configuration list for PBXProject "weatherApp" */;
			compatibilityVersion = "Xcode 14.0";
			developmentRegion = en;
			hasScannedForEncodings = 0;
			knownRegions = (
				en,
				Base,
			);
			mainGroup = CC1A6D962A62EF1F0006ECFA;
			productRefGroup = CC1A6DA02A62EF1F0006ECFA /* Products */;
			projectDirPath = "";
			projectRoot = "";
			targets = (
				CC1A6D9E2A62EF1F0006ECFA /* weatherApp */,
			);
		};
/* End PBXProject section */

/* Begin PBXResourcesBuildPhase section */
		CC1A6D9D2A62EF1F0006ECFA /* Resources */ = {
			isa = PBXResourcesBuildPhase;
			buildActionMask = 2147483647;
			files = (
				CC1A6DAF2A62EF200006ECFA /* LaunchScreen.storyboard in Resources */,
				CC1A6DAC2A62EF200006ECFA /* Assets.xcassets in Resources */,
				CC1A6DAA2A62EF1F0006ECFA /* Main.storyboard in Resources */,
			);
			runOnlyForDeploymentPostprocessing = 0;
		};
/* End PBXResourcesBuildPhase section */

/* Begin PBXSourcesBuildPhase section */
		CC1A6D9B2A62EF1F0006ECFA /* Sources */ = {
			isa = PBXSourcesBuildPhase;
			buildActionMask = 2147483647;
			files = (
				CCA389792A648DE400EE390E /* Error.swift in Sources */,
				CCA389772A63052700EE390E /* Coordinats.swift in Sources */,
				CCA389752A62FACD00EE390E /* APIKeys.swift in Sources */,
				CC1A6DA72A62EF1F0006ECFA /* ViewController.swift in Sources */,
				CCA389732A62F97300EE390E /* TemperatureInfo.swift in Sources */,
				CC1A6DA32A62EF1F0006ECFA /* AppDelegate.swift in Sources */,
				CCA389702A62F8E500EE390E /* TemperatureService.swift in Sources */,
				CC1A6DA52A62EF1F0006ECFA /* SceneDelegate.swift in Sources */,
			);
			runOnlyForDeploymentPostprocessing = 0;
		};
/* End PBXSourcesBuildPhase section */

/* Begin PBXVariantGroup section */
		CC1A6DA82A62EF1F0006ECFA /* Main.storyboard */ = {
			isa = PBXVariantGroup;
			children = (
				CC1A6DA92A62EF1F0006ECFA /* Base */,
			);
			name = Main.storyboard;
			sourceTree = "<group>";
		};
		CC1A6DAD2A62EF200006ECFA /* LaunchScreen.storyboard */ = {
			isa = PBXVariantGroup;
			children = (
				CC1A6DAE2A62EF200006ECFA /* Base */,
			);
			name = LaunchScreen.storyboard;
			sourceTree = "<group>";
		};
/* End PBXVariantGroup section */

/* Begin XCBuildConfiguration section */
		CC1A6DB12A62EF200006ECFA /* Debug */ = {
			isa = XCBuildConfiguration;
			buildSettings = {
				ALWAYS_SEARCH_USER_PATHS = NO;
				CLANG_ANALYZER_NONNULL = YES;
				CLANG_ANALYZER_NUMBER_OBJECT_CONVERSION = YES_AGGRESSIVE;
				CLANG_CXX_LANGUAGE_STANDARD = "gnu++20";
				CLANG_ENABLE_MODULES = YES;
				CLANG_ENABLE_OBJC_ARC = YES;
				CLANG_ENABLE_OBJC_WEAK = YES;
				CLANG_WARN_BLOCK_CAPTURE_AUTORELEASING = YES;
				CLANG_WARN_BOOL_CONVERSION = YES;
				CLANG_WARN_COMMA = YES;
				CLANG_WARN_CONSTANT_CONVERSION = YES;
				CLANG_WARN_DEPRECATED_OBJC_IMPLEMENTATIONS = YES;
				CLANG_WARN_DIRECT_OBJC_ISA_USAGE = YES_ERROR;
				CLANG_WARN_DOCUMENTATION_COMMENTS = YES;
				CLANG_WARN_EMPTY_BODY = YES;
				CLANG_WARN_ENUM_CONVERSION = YES;
				CLANG_WARN_INFINITE_RECURSION = YES;
				CLANG_WARN_INT_CONVERSION = YES;
				CLANG_WARN_NON_LITERAL_NULL_CONVERSION = YES;
				CLANG_WARN_OBJC_IMPLICIT_RETAIN_SELF = YES;
				CLANG_WARN_OBJC_LITERAL_CONVERSION = YES;
				CLANG_WARN_OBJC_ROOT_CLASS = YES_ERROR;
				CLANG_WARN_QUOTED_INCLUDE_IN_FRAMEWORK_HEADER = YES;
				CLANG_WARN_RANGE_LOOP_ANALYSIS = YES;
				CLANG_WARN_STRICT_PROTOTYPES = YES;
				CLANG_WARN_SUSPICIOUS_MOVE = YES;
				CLANG_WARN_UNGUARDED_AVAILABILITY = YES_AGGRESSIVE;
				CLANG_WARN_UNREACHABLE_CODE = YES;
				CLANG_WARN__DUPLICATE_METHOD_MATCH = YES;
				COPY_PHASE_STRIP = NO;
				DEBUG_INFORMATION_FORMAT = dwarf;
				ENABLE_STRICT_OBJC_MSGSEND = YES;
				ENABLE_TESTABILITY = YES;
				GCC_C_LANGUAGE_STANDARD = gnu11;
				GCC_DYNAMIC_NO_PIC = NO;
				GCC_NO_COMMON_BLOCKS = YES;
				GCC_OPTIMIZATION_LEVEL = 0;
				GCC_PREPROCESSOR_DEFINITIONS = (
					"DEBUG=1",
					"$(inherited)",
				);
				GCC_WARN_64_TO_32_BIT_CONVERSION = YES;
				GCC_WARN_ABOUT_RETURN_TYPE = YES_ERROR;
				GCC_WARN_UNDECLARED_SELECTOR = YES;
				GCC_WARN_UNINITIALIZED_AUTOS = YES_AGGRESSIVE;
				GCC_WARN_UNUSED_FUNCTION = YES;
				GCC_WARN_UNUSED_VARIABLE = YES;
				IPHONEOS_DEPLOYMENT_TARGET = 16.2;
				MTL_ENABLE_DEBUG_INFO = INCLUDE_SOURCE;
				MTL_FAST_MATH = YES;
				ONLY_ACTIVE_ARCH = YES;
				SDKROOT = iphoneos;
				SWIFT_ACTIVE_COMPILATION_CONDITIONS = DEBUG;
				SWIFT_OPTIMIZATION_LEVEL = "-Onone";
			};
			name = Debug;
		};
		CC1A6DB22A62EF200006ECFA /* Release */ = {
			isa = XCBuildConfiguration;
			buildSettings = {
				ALWAYS_SEARCH_USER_PATHS = NO;
				CLANG_ANALYZER_NONNULL = YES;
				CLANG_ANALYZER_NUMBER_OBJECT_CONVERSION = YES_AGGRESSIVE;
				CLANG_CXX_LANGUAGE_STANDARD = "gnu++20";
				CLANG_ENABLE_MODULES = YES;
				CLANG_ENABLE_OBJC_ARC = YES;
				CLANG_ENABLE_OBJC_WEAK = YES;
				CLANG_WARN_BLOCK_CAPTURE_AUTORELEASING = YES;
				CLANG_WARN_BOOL_CONVERSION = YES;
				CLANG_WARN_COMMA = YES;
				CLANG_WARN_CONSTANT_CONVERSION = YES;
				CLANG_WARN_DEPRECATED_OBJC_IMPLEMENTATIONS = YES;
				CLANG_WARN_DIRECT_OBJC_ISA_USAGE = YES_ERROR;
				CLANG_WARN_DOCUMENTATION_COMMENTS = YES;
				CLANG_WARN_EMPTY_BODY = YES;
				CLANG_WARN_ENUM_CONVERSION = YES;
				CLANG_WARN_INFINITE_RECURSION = YES;
				CLANG_WARN_INT_CONVERSION = YES;
				CLANG_WARN_NON_LITERAL_NULL_CONVERSION = YES;
				CLANG_WARN_OBJC_IMPLICIT_RETAIN_SELF = YES;
				CLANG_WARN_OBJC_LITERAL_CONVERSION = YES;
				CLANG_WARN_OBJC_ROOT_CLASS = YES_ERROR;
				CLANG_WARN_QUOTED_INCLUDE_IN_FRAMEWORK_HEADER = YES;
				CLANG_WARN_RANGE_LOOP_ANALYSIS = YES;
				CLANG_WARN_STRICT_PROTOTYPES = YES;
				CLANG_WARN_SUSPICIOUS_MOVE = YES;
				CLANG_WARN_UNGUARDED_AVAILABILITY = YES_AGGRESSIVE;
				CLANG_WARN_UNREACHABLE_CODE = YES;
				CLANG_WARN__DUPLICATE_METHOD_MATCH = YES;
				COPY_PHASE_STRIP = NO;
				DEBUG_INFORMATION_FORMAT = "dwarf-with-dsym";
				ENABLE_NS_ASSERTIONS = NO;
				ENABLE_STRICT_OBJC_MSGSEND = YES;
				GCC_C_LANGUAGE_STANDARD = gnu11;
				GCC_NO_COMMON_BLOCKS = YES;
				GCC_WARN_64_TO_32_BIT_CONVERSION = YES;
				GCC_WARN_ABOUT_RETURN_TYPE = YES_ERROR;
				GCC_WARN_UNDECLARED_SELECTOR = YES;
				GCC_WARN_UNINITIALIZED_AUTOS = YES_AGGRESSIVE;
				GCC_WARN_UNUSED_FUNCTION = YES;
				GCC_WARN_UNUSED_VARIABLE = YES;
				IPHONEOS_DEPLOYMENT_TARGET = 16.2;
				MTL_ENABLE_DEBUG_INFO = NO;
				MTL_FAST_MATH = YES;
				SDKROOT = iphoneos;
				SWIFT_COMPILATION_MODE = wholemodule;
				SWIFT_OPTIMIZATION_LEVEL = "-O";
				VALIDATE_PRODUCT = YES;
			};
			name = Release;
		};
		CC1A6DB42A62EF200006ECFA /* Debug */ = {
			isa = XCBuildConfiguration;
			buildSettings = {
				ASSETCATALOG_COMPILER_APPICON_NAME = AppIcon;
				ASSETCATALOG_COMPILER_GLOBAL_ACCENT_COLOR_NAME = AccentColor;
				CODE_SIGN_STYLE = Automatic;
				CURRENT_PROJECT_VERSION = 1;
				GENERATE_INFOPLIST_FILE = YES;
				INFOPLIST_FILE = weatherApp/Info.plist;
				INFOPLIST_KEY_UIApplicationSupportsIndirectInputEvents = YES;
				INFOPLIST_KEY_UILaunchStoryboardName = LaunchScreen;
				INFOPLIST_KEY_UIMainStoryboardFile = Main;
				INFOPLIST_KEY_UISupportedInterfaceOrientations_iPad = "UIInterfaceOrientationPortrait UIInterfaceOrientationPortraitUpsideDown UIInterfaceOrientationLandscapeLeft UIInterfaceOrientationLandscapeRight";
				INFOPLIST_KEY_UISupportedInterfaceOrientations_iPhone = "UIInterfaceOrientationPortrait UIInterfaceOrientationLandscapeLeft UIInterfaceOrientationLandscapeRight";
				LD_RUNPATH_SEARCH_PATHS = (
					"$(inherited)",
					"@executable_path/Frameworks",
				);
				MARKETING_VERSION = 1.0;
				PRODUCT_BUNDLE_IDENTIFIER = com.rozetka220.weatherApp;
				PRODUCT_NAME = "$(TARGET_NAME)";
				SWIFT_EMIT_LOC_STRINGS = YES;
				SWIFT_VERSION = 5.0;
				TARGETED_DEVICE_FAMILY = "1,2";
			};
			name = Debug;
		};
		CC1A6DB52A62EF200006ECFA /* Release */ = {
			isa = XCBuildConfiguration;
			buildSettings = {
				ASSETCATALOG_COMPILER_APPICON_NAME = AppIcon;
				ASSETCATALOG_COMPILER_GLOBAL_ACCENT_COLOR_NAME = AccentColor;
				CODE_SIGN_STYLE = Automatic;
				CURRENT_PROJECT_VERSION = 1;
				GENERATE_INFOPLIST_FILE = YES;
				INFOPLIST_FILE = weatherApp/Info.plist;
				INFOPLIST_KEY_UIApplicationSupportsIndirectInputEvents = YES;
				INFOPLIST_KEY_UILaunchStoryboardName = LaunchScreen;
				INFOPLIST_KEY_UIMainStoryboardFile = Main;
				INFOPLIST_KEY_UISupportedInterfaceOrientations_iPad = "UIInterfaceOrientationPortrait UIInterfaceOrientationPortraitUpsideDown UIInterfaceOrientationLandscapeLeft UIInterfaceOrientationLandscapeRight";
				INFOPLIST_KEY_UISupportedInterfaceOrientations_iPhone = "UIInterfaceOrientationPortrait UIInterfaceOrientationLandscapeLeft UIInterfaceOrientationLandscapeRight";
				LD_RUNPATH_SEARCH_PATHS = (
					"$(inherited)",
					"@executable_path/Frameworks",
				);
				MARKETING_VERSION = 1.0;
				PRODUCT_BUNDLE_IDENTIFIER = com.rozetka220.weatherApp;
				PRODUCT_NAME = "$(TARGET_NAME)";
				SWIFT_EMIT_LOC_STRINGS = YES;
				SWIFT_VERSION = 5.0;
				TARGETED_DEVICE_FAMILY = "1,2";
			};
			name = Release;
		};
/* End XCBuildConfiguration section */

/* Begin XCConfigurationList section */
		CC1A6D9A2A62EF1F0006ECFA /* Build configuration list for PBXProject "weatherApp" */ = {
			isa = XCConfigurationList;
			buildConfigurations = (
				CC1A6DB12A62EF200006ECFA /* Debug */,
				CC1A6DB22A62EF200006ECFA /* Release */,
			);
			defaultConfigurationIsVisible = 0;
			defaultConfigurationName = Release;
		};
		CC1A6DB32A62EF200006ECFA /* Build configuration list for PBXNativeTarget "weatherApp" */ = {
			isa = XCConfigurationList;
			buildConfigurations = (
				CC1A6DB42A62EF200006ECFA /* Debug */,
				CC1A6DB52A62EF200006ECFA /* Release */,
			);
			defaultConfigurationIsVisible = 0;
			defaultConfigurationName = Release;
		};
/* End XCConfigurationList section */
	};
	rootObject = CC1A6D972A62EF1F0006ECFA /* Project object */;
}
